
Microsoft Visual Studio Solution File, Format Version 12.00
# Visual Studio Version 17
VisualStudioVersion = 17.0.31903.59
MinimumVisualStudioVersion = 10.0.40219.1
Project("{FAE04EC0-301F-11D3-BF4B-00C04F79EFBC}") = "NguyenMinhThu_2080601212", "NguyenMinhThu_2080601212.csproj", "{0E3C7FA2-DDCF-40A2-B4CA-9A58553C0A81}"
EndProject
Global
	GlobalSection(SolutionConfigurationPlatforms) = preSolution
		Debug|Any CPU = Debug|Any CPU
		Release|Any CPU = Release|Any CPU
	EndGlobalSection
	GlobalSection(ProjectConfigurationPlatforms) = postSolution
		{0E3C7FA2-DDCF-40A2-B4CA-9A58553C0A81}.Debug|Any CPU.ActiveCfg = Debug|Any CPU
		{0E3C7FA2-DDCF-40A2-B4CA-9A58553C0A81}.Debug|Any CPU.Build.0 = Debug|Any CPU
		{0E3C7FA2-DDCF-40A2-B4CA-9A58553C0A81}.Release|Any CPU.ActiveCfg = Release|Any CPU
		{0E3C7FA2-DDCF-40A2-B4CA-9A58553C0A81}.Release|Any CPU.Build.0 = Release|Any CPU
	EndGlobalSection
	GlobalSection(SolutionProperties) = preSolution
		HideSolutionNode = FALSE
	EndGlobalSection
	GlobalSection(ExtensibilityGlobals) = postSolution
		SolutionGuid = {44024F9D-6209-4945-A95D-D518A0EB51B4}
	EndGlobalSection
EndGlobal
